
Microsoft Visual Studio Solution File, Format Version 12.00
# Visual Studio Version 17
VisualStudioVersion = 17.2.32526.322
MinimumVisualStudioVersion = 10.0.40219.1
Project("{FAE04EC0-301F-11D3-BF4B-00C04F79EFBC}") = "PollBall", "PollBall\PollBall.csproj", "{425A4846-BEFD-499C-9631-A4D2A45B81C1}"
EndProject
Global
	GlobalSection(SolutionConfigurationPlatforms) = preSolution
		Debug|Any CPU = Debug|Any CPU
		Release|Any CPU = Release|Any CPU
	EndGlobalSection
	GlobalSection(ProjectConfigurationPlatforms) = postSolution
		{425A4846-BEFD-499C-9631-A4D2A45B81C1}.Debug|Any CPU.ActiveCfg = Debug|Any CPU
		{425A4846-BEFD-499C-9631-A4D2A45B81C1}.Debug|Any CPU.Build.0 = Debug|Any CPU
		{425A4846-BEFD-499C-9631-A4D2A45B81C1}.Release|Any CPU.ActiveCfg = Release|Any CPU
		{425A4846-BEFD-499C-9631-A4D2A45B81C1}.Release|Any CPU.Build.0 = Release|Any CPU
	EndGlobalSection
	GlobalSection(SolutionProperties) = preSolution
		HideSolutionNode = FALSE
	EndGlobalSection
	GlobalSection(ExtensibilityGlobals) = postSolution
		SolutionGuid = {0C852CB9-6D79-4EF0-835C-486FEB67ED25}
	EndGlobalSection
EndGlobal
